
Microsoft Visual Studio Solution File, Format Version 12.00
# Visual Studio 14
VisualStudioVersion = 14.0.24720.0
MinimumVisualStudioVersion = 10.0.40219.1
Project("{FAE04EC0-301F-11D3-BF4B-00C04F79EFBC}") = "ApiContactos", "ApiContactos\ApiContactos.csproj", "{1BC5729B-D0A8-49DC-B82A-C47A64E23A6F}"
EndProject
Project("{FAE04EC0-301F-11D3-BF4B-00C04F79EFBC}") = "RepositorioAdapter", "RepositorioAdapter\RepositorioAdapter.csproj", "{89548D68-37F4-462E-8E7D-638EBE33B9AF}"
EndProject
Project("{FAE04EC0-301F-11D3-BF4B-00C04F79EFBC}") = "ContactosModel", "ContactosModel\ContactosModel.csproj", "{9ED0921C-59A3-4570-89E0-4B43E8FAA31D}"
EndProject
Global
	GlobalSection(SolutionConfigurationPlatforms) = preSolution
		Debug|Any CPU = Debug|Any CPU
		Release|Any CPU = Release|Any CPU
	EndGlobalSection
	GlobalSection(ProjectConfigurationPlatforms) = postSolution
		{1BC5729B-D0A8-49DC-B82A-C47A64E23A6F}.Debug|Any CPU.ActiveCfg = Debug|Any CPU
		{1BC5729B-D0A8-49DC-B82A-C47A64E23A6F}.Debug|Any CPU.Build.0 = Debug|Any CPU
		{1BC5729B-D0A8-49DC-B82A-C47A64E23A6F}.Release|Any CPU.ActiveCfg = Release|Any CPU
		{1BC5729B-D0A8-49DC-B82A-C47A64E23A6F}.Release|Any CPU.Build.0 = Release|Any CPU
		{89548D68-37F4-462E-8E7D-638EBE33B9AF}.Debug|Any CPU.ActiveCfg = Debug|Any CPU
		{89548D68-37F4-462E-8E7D-638EBE33B9AF}.Debug|Any CPU.Build.0 = Debug|Any CPU
		{89548D68-37F4-462E-8E7D-638EBE33B9AF}.Release|Any CPU.ActiveCfg = Release|Any CPU
		{89548D68-37F4-462E-8E7D-638EBE33B9AF}.Release|Any CPU.Build.0 = Release|Any CPU
		{9ED0921C-59A3-4570-89E0-4B43E8FAA31D}.Debug|Any CPU.ActiveCfg = Debug|Any CPU
		{9ED0921C-59A3-4570-89E0-4B43E8FAA31D}.Debug|Any CPU.Build.0 = Debug|Any CPU
		{9ED0921C-59A3-4570-89E0-4B43E8FAA31D}.Release|Any CPU.ActiveCfg = Release|Any CPU
		{9ED0921C-59A3-4570-89E0-4B43E8FAA31D}.Release|Any CPU.Build.0 = Release|Any CPU
	EndGlobalSection
	GlobalSection(SolutionProperties) = preSolution
		HideSolutionNode = FALSE
	EndGlobalSection
EndGlobal
